
Microsoft Visual Studio Solution File, Format Version 12.00
# Visual Studio Version 16
VisualStudioVersion = 16.0.28803.202
MinimumVisualStudioVersion = 10.0.40219.1
Project("{FAE04EC0-301F-11D3-BF4B-00C04F79EFBC}") = "Bilgi yarismasi ders 11", "Bilgi yarismasi ders 11\Bilgi yarismasi ders 11.csproj", "{362A3530-1619-4304-8A5F-1F7CD75ED5CD}"
EndProject
Global
	GlobalSection(SolutionConfigurationPlatforms) = preSolution
		Debug|Any CPU = Debug|Any CPU
		Release|Any CPU = Release|Any CPU
	EndGlobalSection
	GlobalSection(ProjectConfigurationPlatforms) = postSolution
		{362A3530-1619-4304-8A5F-1F7CD75ED5CD}.Debug|Any CPU.ActiveCfg = Debug|Any CPU
		{362A3530-1619-4304-8A5F-1F7CD75ED5CD}.Debug|Any CPU.Build.0 = Debug|Any CPU
		{362A3530-1619-4304-8A5F-1F7CD75ED5CD}.Release|Any CPU.ActiveCfg = Release|Any CPU
		{362A3530-1619-4304-8A5F-1F7CD75ED5CD}.Release|Any CPU.Build.0 = Release|Any CPU
	EndGlobalSection
	GlobalSection(SolutionProperties) = preSolution
		HideSolutionNode = FALSE
	EndGlobalSection
	GlobalSection(ExtensibilityGlobals) = postSolution
		SolutionGuid = {B5DCCB9B-26A6-40BF-86E7-A8B3E56B9194}
	EndGlobalSection
EndGlobal
